// !$*UTF8*$!
{
	archiveVersion = 1;
	classes = {
	};
	objectVersion = 56;
	objects = {

/* Begin PBXBuildFile section */
		3005D4D129116DFF00BAAB71 /* AppDelegate.swift in Sources */ = {isa = PBXBuildFile; fileRef = 3005D4D029116DFF00BAAB71 /* AppDelegate.swift */; };
		3005D4D329116DFF00BAAB71 /* SceneDelegate.swift in Sources */ = {isa = PBXBuildFile; fileRef = 3005D4D229116DFF00BAAB71 /* SceneDelegate.swift */; };
		3005D4D529116DFF00BAAB71 /* ViewController.swift in Sources */ = {isa = PBXBuildFile; fileRef = 3005D4D429116DFF00BAAB71 /* ViewController.swift */; };
		3005D4D829116DFF00BAAB71 /* Main.storyboard in Resources */ = {isa = PBXBuildFile; fileRef = 3005D4D629116DFF00BAAB71 /* Main.storyboard */; };
		3005D4DA29116E0200BAAB71 /* Assets.xcassets in Resources */ = {isa = PBXBuildFile; fileRef = 3005D4D929116E0200BAAB71 /* Assets.xcassets */; };
		3005D4DD29116E0200BAAB71 /* LaunchScreen.storyboard in Resources */ = {isa = PBXBuildFile; fileRef = 3005D4DB29116E0200BAAB71 /* LaunchScreen.storyboard */; };
		3039D28E2912FD440057B6A2 /* SpringAnimation in Frameworks */ = {isa = PBXBuildFile; productRef = 3039D28D2912FD440057B6A2 /* SpringAnimation */; };
		3039D291291305680057B6A2 /* DataStore.swift in Sources */ = {isa = PBXBuildFile; fileRef = 3039D290291305680057B6A2 /* DataStore.swift */; };
		3039D29429130AF20057B6A2 /* Animation.swift in Sources */ = {isa = PBXBuildFile; fileRef = 3039D29329130AF20057B6A2 /* Animation.swift */; };
/* End PBXBuildFile section */

/* Begin PBXFileReference section */
		3005D4CD29116DFF00BAAB71 /* AnimationHW.app */ = {isa = PBXFileReference; explicitFileType = wrapper.application; includeInIndex = 0; path = AnimationHW.app; sourceTree = BUILT_PRODUCTS_DIR; };
		3005D4D029116DFF00BAAB71 /* AppDelegate.swift */ = {isa = PBXFileReference; lastKnownFileType = sourcecode.swift; path = AppDelegate.swift; sourceTree = "<group>"; };
		3005D4D229116DFF00BAAB71 /* SceneDelegate.swift */ = {isa = PBXFileReference; lastKnownFileType = sourcecode.swift; path = SceneDelegate.swift; sourceTree = "<group>"; };
		3005D4D429116DFF00BAAB71 /* ViewController.swift */ = {isa = PBXFileReference; lastKnownFileType = sourcecode.swift; path = ViewController.swift; sourceTree = "<group>"; };
		3005D4D729116DFF00BAAB71 /* Base */ = {isa = PBXFileReference; lastKnownFileType = file.storyboard; name = Base; path = Base.lproj/Main.storyboard; sourceTree = "<group>"; };
		3005D4D929116E0200BAAB71 /* Assets.xcassets */ = {isa = PBXFileReference; lastKnownFileType = folder.assetcatalog; path = Assets.xcassets; sourceTree = "<group>"; };
		3005D4DC29116E0200BAAB71 /* Base */ = {isa = PBXFileReference; lastKnownFileType = file.storyboard; name = Base; path = Base.lproj/LaunchScreen.storyboard; sourceTree = "<group>"; };
		3005D4DE29116E0200BAAB71 /* Info.plist */ = {isa = PBXFileReference; lastKnownFileType = text.plist.xml; path = Info.plist; sourceTree = "<group>"; };
		3039D290291305680057B6A2 /* DataStore.swift */ = {isa = PBXFileReference; lastKnownFileType = sourcecode.swift; path = DataStore.swift; sourceTree = "<group>"; };
		3039D29329130AF20057B6A2 /* Animation.swift */ = {isa = PBXFileReference; lastKnownFileType = sourcecode.swift; path = Animation.swift; sourceTree = "<group>"; };
/* End PBXFileReference section */

/* Begin PBXFrameworksBuildPhase section */
		3005D4CA29116DFF00BAAB71 /* Frameworks */ = {
			isa = PBXFrameworksBuildPhase;
			buildActionMask = 2147483647;
			files = (
				3039D28E2912FD440057B6A2 /* SpringAnimation in Frameworks */,
			);
			runOnlyForDeploymentPostprocessing = 0;
		};
/* End PBXFrameworksBuildPhase section */

/* Begin PBXGroup section */
		3005D4C429116DFF00BAAB71 = {
			isa = PBXGroup;
			children = (
				3005D4CF29116DFF00BAAB71 /* AnimationHW */,
				3005D4CE29116DFF00BAAB71 /* Products */,
			);
			sourceTree = "<group>";
		};
		3005D4CE29116DFF00BAAB71 /* Products */ = {
			isa = PBXGroup;
			children = (
				3005D4CD29116DFF00BAAB71 /* AnimationHW.app */,
			);
			name = Products;
			sourceTree = "<group>";
		};
		3005D4CF29116DFF00BAAB71 /* AnimationHW */ = {
			isa = PBXGroup;
			children = (
				3039D29229130ACE0057B6A2 /* Models */,
				3039D28F291305540057B6A2 /* Services */,
				3005D4E529116E4A00BAAB71 /* App */,
				3005D4E429116E3D00BAAB71 /* ViewControllers */,
				3005D4E629116E5700BAAB71 /* Storyboards */,
				3005D4E729116E6500BAAB71 /* Resources */,
			);
			path = AnimationHW;
			sourceTree = "<group>";
		};
		3005D4E429116E3D00BAAB71 /* ViewControllers */ = {
			isa = PBXGroup;
			children = (
				3005D4D429116DFF00BAAB71 /* ViewController.swift */,
			);
			path = ViewControllers;
			sourceTree = "<group>";
		};
		3005D4E529116E4A00BAAB71 /* App */ = {
			isa = PBXGroup;
			children = (
				3005D4D029116DFF00BAAB71 /* AppDelegate.swift */,
				3005D4D229116DFF00BAAB71 /* SceneDelegate.swift */,
				3005D4DE29116E0200BAAB71 /* Info.plist */,
			);
			path = App;
			sourceTree = "<group>";
		};
		3005D4E629116E5700BAAB71 /* Storyboards */ = {
			isa = PBXGroup;
			children = (
				3005D4D629116DFF00BAAB71 /* Main.storyboard */,
				3005D4DB29116E0200BAAB71 /* LaunchScreen.storyboard */,
			);
			path = Storyboards;
			sourceTree = "<group>";
		};
		3005D4E729116E6500BAAB71 /* Resources */ = {
			isa = PBXGroup;
			children = (
				3005D4D929116E0200BAAB71 /* Assets.xcassets */,
			);
			path = Resources;
			sourceTree = "<group>";
		};
		3039D28F291305540057B6A2 /* Services */ = {
			isa = PBXGroup;
			children = (
				3039D290291305680057B6A2 /* DataStore.swift */,
			);
			path = Services;
			sourceTree = "<group>";
		};
		3039D29229130ACE0057B6A2 /* Models */ = {
			isa = PBXGroup;
			children = (
				3039D29329130AF20057B6A2 /* Animation.swift */,
			);
			path = Models;
			sourceTree = "<group>";
		};
/* End PBXGroup section */

/* Begin PBXNativeTarget section */
		3005D4CC29116DFF00BAAB71 /* AnimationHW */ = {
			isa = PBXNativeTarget;
			buildConfigurationList = 3005D4E129116E0200BAAB71 /* Build configuration list for PBXNativeTarget "AnimationHW" */;
			buildPhases = (
				3005D4C929116DFF00BAAB71 /* Sources */,
				3005D4CA29116DFF00BAAB71 /* Frameworks */,
				3005D4CB29116DFF00BAAB71 /* Resources */,
			);
			buildRules = (
			);
			dependencies = (
			);
			name = AnimationHW;
			packageProductDependencies = (
				3039D28D2912FD440057B6A2 /* SpringAnimation */,
			);
			productName = AnimationHW;
			productReference = 3005D4CD29116DFF00BAAB71 /* AnimationHW.app */;
			productType = "com.apple.product-type.application";
		};
/* End PBXNativeTarget section */

/* Begin PBXProject section */
		3005D4C529116DFF00BAAB71 /* Project object */ = {
			isa = PBXProject;
			attributes = {
				BuildIndependentTargetsInParallel = 1;
				LastSwiftUpdateCheck = 1400;
				LastUpgradeCheck = 1400;
				TargetAttributes = {
					3005D4CC29116DFF00BAAB71 = {
						CreatedOnToolsVersion = 14.0;
					};
				};
			};
			buildConfigurationList = 3005D4C829116DFF00BAAB71 /* Build configuration list for PBXProject "AnimationHW" */;
			compatibilityVersion = "Xcode 14.0";
			developmentRegion = en;
			hasScannedForEncodings = 0;
			knownRegions = (
				en,
				Base,
			);
			mainGroup = 3005D4C429116DFF00BAAB71;
			packageReferences = (
				3039D28C2912FD440057B6A2 /* XCRemoteSwiftPackageReference "SpringAnimation" */,
			);
			productRefGroup = 3005D4CE29116DFF00BAAB71 /* Products */;
			projectDirPath = "";
			projectRoot = "";
			targets = (
				3005D4CC29116DFF00BAAB71 /* AnimationHW */,
			);
		};
/* End PBXProject section */

/* Begin PBXResourcesBuildPhase section */
		3005D4CB29116DFF00BAAB71 /* Resources */ = {
			isa = PBXResourcesBuildPhase;
			buildActionMask = 2147483647;
			files = (
				3005D4DD29116E0200BAAB71 /* LaunchScreen.storyboard in Resources */,
				3005D4DA29116E0200BAAB71 /* Assets.xcassets in Resources */,
				3005D4D829116DFF00BAAB71 /* Main.storyboard in Resources */,
			);
			runOnlyForDeploymentPostprocessing = 0;
		};
/* End PBXResourcesBuildPhase section */

/* Begin PBXSourcesBuildPhase section */
		3005D4C929116DFF00BAAB71 /* Sources */ = {
			isa = PBXSourcesBuildPhase;
			buildActionMask = 2147483647;
			files = (
				3005D4D529116DFF00BAAB71 /* ViewController.swift in Sources */,
				3039D291291305680057B6A2 /* DataStore.swift in Sources */,
				3005D4D129116DFF00BAAB71 /* AppDelegate.swift in Sources */,
				3039D29429130AF20057B6A2 /* Animation.swift in Sources */,
				3005D4D329116DFF00BAAB71 /* SceneDelegate.swift in Sources */,
			);
			runOnlyForDeploymentPostprocessing = 0;
		};
/* End PBXSourcesBuildPhase section */

/* Begin PBXVariantGroup section */
		3005D4D629116DFF00BAAB71 /* Main.storyboard */ = {
			isa = PBXVariantGroup;
			children = (
				3005D4D729116DFF00BAAB71 /* Base */,
			);
			name = Main.storyboard;
			sourceTree = "<group>";
		};
		3005D4DB29116E0200BAAB71 /* LaunchScreen.storyboard */ = {
			isa = PBXVariantGroup;
			children = (
				3005D4DC29116E0200BAAB71 /* Base */,
			);
			name = LaunchScreen.storyboard;
			sourceTree = "<group>";
		};
/* End PBXVariantGroup section */

/* Begin XCBuildConfiguration section */
		3005D4DF29116E0200BAAB71 /* Debug */ = {
			isa = XCBuildConfiguration;
			buildSettings = {
				ALWAYS_SEARCH_USER_PATHS = NO;
				CLANG_ANALYZER_NONNULL = YES;
				CLANG_ANALYZER_NUMBER_OBJECT_CONVERSION = YES_AGGRESSIVE;
				CLANG_CXX_LANGUAGE_STANDARD = "gnu++20";
				CLANG_ENABLE_MODULES = YES;
				CLANG_ENABLE_OBJC_ARC = YES;
				CLANG_ENABLE_OBJC_WEAK = YES;
				CLANG_WARN_BLOCK_CAPTURE_AUTORELEASING = YES;
				CLANG_WARN_BOOL_CONVERSION = YES;
				CLANG_WARN_COMMA = YES;
				CLANG_WARN_CONSTANT_CONVERSION = YES;
				CLANG_WARN_DEPRECATED_OBJC_IMPLEMENTATIONS = YES;
				CLANG_WARN_DIRECT_OBJC_ISA_USAGE = YES_ERROR;
				CLANG_WARN_DOCUMENTATION_COMMENTS = YES;
				CLANG_WARN_EMPTY_BODY = YES;
				CLANG_WARN_ENUM_CONVERSION = YES;
				CLANG_WARN_INFINITE_RECURSION = YES;
				CLANG_WARN_INT_CONVERSION = YES;
				CLANG_WARN_NON_LITERAL_NULL_CONVERSION = YES;
				CLANG_WARN_OBJC_IMPLICIT_RETAIN_SELF = YES;
				CLANG_WARN_OBJC_LITERAL_CONVERSION = YES;
				CLANG_WARN_OBJC_ROOT_CLASS = YES_ERROR;
				CLANG_WARN_QUOTED_INCLUDE_IN_FRAMEWORK_HEADER = YES;
				CLANG_WARN_RANGE_LOOP_ANALYSIS = YES;
				CLANG_WARN_STRICT_PROTOTYPES = YES;
				CLANG_WARN_SUSPICIOUS_MOVE = YES;
				CLANG_WARN_UNGUARDED_AVAILABILITY = YES_AGGRESSIVE;
				CLANG_WARN_UNREACHABLE_CODE = YES;
				CLANG_WARN__DUPLICATE_METHOD_MATCH = YES;
				COPY_PHASE_STRIP = NO;
				DEBUG_INFORMATION_FORMAT = dwarf;
				ENABLE_STRICT_OBJC_MSGSEND = YES;
				ENABLE_TESTABILITY = YES;
				GCC_C_LANGUAGE_STANDARD = gnu11;
				GCC_DYNAMIC_NO_PIC = NO;
				GCC_NO_COMMON_BLOCKS = YES;
				GCC_OPTIMIZATION_LEVEL = 0;
				GCC_PREPROCESSOR_DEFINITIONS = (
					"DEBUG=1",
					"$(inherited)",
				);
				GCC_WARN_64_TO_32_BIT_CONVERSION = YES;
				GCC_WARN_ABOUT_RETURN_TYPE = YES_ERROR;
				GCC_WARN_UNDECLARED_SELECTOR = YES;
				GCC_WARN_UNINITIALIZED_AUTOS = YES_AGGRESSIVE;
				GCC_WARN_UNUSED_FUNCTION = YES;
				GCC_WARN_UNUSED_VARIABLE = YES;
				IPHONEOS_DEPLOYMENT_TARGET = 16.0;
				MTL_ENABLE_DEBUG_INFO = INCLUDE_SOURCE;
				MTL_FAST_MATH = YES;
				ONLY_ACTIVE_ARCH = YES;
				SDKROOT = iphoneos;
				SWIFT_ACTIVE_COMPILATION_CONDITIONS = DEBUG;
				SWIFT_OPTIMIZATION_LEVEL = "-Onone";
			};
			name = Debug;
		};
		3005D4E029116E0200BAAB71 /* Release */ = {
			isa = XCBuildConfiguration;
			buildSettings = {
				ALWAYS_SEARCH_USER_PATHS = NO;
				CLANG_ANALYZER_NONNULL = YES;
				CLANG_ANALYZER_NUMBER_OBJECT_CONVERSION = YES_AGGRESSIVE;
				CLANG_CXX_LANGUAGE_STANDARD = "gnu++20";
				CLANG_ENABLE_MODULES = YES;
				CLANG_ENABLE_OBJC_ARC = YES;
				CLANG_ENABLE_OBJC_WEAK = YES;
				CLANG_WARN_BLOCK_CAPTURE_AUTORELEASING = YES;
				CLANG_WARN_BOOL_CONVERSION = YES;
				CLANG_WARN_COMMA = YES;
				CLANG_WARN_CONSTANT_CONVERSION = YES;
				CLANG_WARN_DEPRECATED_OBJC_IMPLEMENTATIONS = YES;
				CLANG_WARN_DIRECT_OBJC_ISA_USAGE = YES_ERROR;
				CLANG_WARN_DOCUMENTATION_COMMENTS = YES;
				CLANG_WARN_EMPTY_BODY = YES;
				CLANG_WARN_ENUM_CONVERSION = YES;
				CLANG_WARN_INFINITE_RECURSION = YES;
				CLANG_WARN_INT_CONVERSION = YES;
				CLANG_WARN_NON_LITERAL_NULL_CONVERSION = YES;
				CLANG_WARN_OBJC_IMPLICIT_RETAIN_SELF = YES;
				CLANG_WARN_OBJC_LITERAL_CONVERSION = YES;
				CLANG_WARN_OBJC_ROOT_CLASS = YES_ERROR;
				CLANG_WARN_QUOTED_INCLUDE_IN_FRAMEWORK_HEADER = YES;
				CLANG_WARN_RANGE_LOOP_ANALYSIS = YES;
				CLANG_WARN_STRICT_PROTOTYPES = YES;
				CLANG_WARN_SUSPICIOUS_MOVE = YES;
				CLANG_WARN_UNGUARDED_AVAILABILITY = YES_AGGRESSIVE;
				CLANG_WARN_UNREACHABLE_CODE = YES;
				CLANG_WARN__DUPLICATE_METHOD_MATCH = YES;
				COPY_PHASE_STRIP = NO;
				DEBUG_INFORMATION_FORMAT = "dwarf-with-dsym";
				ENABLE_NS_ASSERTIONS = NO;
				ENABLE_STRICT_OBJC_MSGSEND = YES;
				GCC_C_LANGUAGE_STANDARD = gnu11;
				GCC_NO_COMMON_BLOCKS = YES;
				GCC_WARN_64_TO_32_BIT_CONVERSION = YES;
				GCC_WARN_ABOUT_RETURN_TYPE = YES_ERROR;
				GCC_WARN_UNDECLARED_SELECTOR = YES;
				GCC_WARN_UNINITIALIZED_AUTOS = YES_AGGRESSIVE;
				GCC_WARN_UNUSED_FUNCTION = YES;
				GCC_WARN_UNUSED_VARIABLE = YES;
				IPHONEOS_DEPLOYMENT_TARGET = 16.0;
				MTL_ENABLE_DEBUG_INFO = NO;
				MTL_FAST_MATH = YES;
				SDKROOT = iphoneos;
				SWIFT_COMPILATION_MODE = wholemodule;
				SWIFT_OPTIMIZATION_LEVEL = "-O";
				VALIDATE_PRODUCT = YES;
			};
			name = Release;
		};
		3005D4E229116E0200BAAB71 /* Debug */ = {
			isa = XCBuildConfiguration;
			buildSettings = {
				ASSETCATALOG_COMPILER_APPICON_NAME = AppIcon;
				ASSETCATALOG_COMPILER_GLOBAL_ACCENT_COLOR_NAME = AccentColor;
				CODE_SIGN_STYLE = Automatic;
				CURRENT_PROJECT_VERSION = 1;
				DEVELOPMENT_TEAM = 6L7N87WCCB;
				GENERATE_INFOPLIST_FILE = YES;
				INFOPLIST_FILE = AnimationHW/App/Info.plist;
				INFOPLIST_KEY_UIApplicationSupportsIndirectInputEvents = YES;
				INFOPLIST_KEY_UILaunchStoryboardName = LaunchScreen;
				INFOPLIST_KEY_UIMainStoryboardFile = Main;
				INFOPLIST_KEY_UISupportedInterfaceOrientations = UIInterfaceOrientationPortrait;
				INFOPLIST_KEY_UISupportedInterfaceOrientations_iPad = "UIInterfaceOrientationLandscapeLeft UIInterfaceOrientationLandscapeRight UIInterfaceOrientationPortrait UIInterfaceOrientationPortraitUpsideDown";
				IPHONEOS_DEPLOYMENT_TARGET = 15.4;
				LD_RUNPATH_SEARCH_PATHS = (
					"$(inherited)",
					"@executable_path/Frameworks",
				);
				MARKETING_VERSION = 1.0;
				PRODUCT_BUNDLE_IDENTIFIER = RGcom.AnimationHW;
				PRODUCT_NAME = "$(TARGET_NAME)";
				SUPPORTED_PLATFORMS = "iphoneos iphonesimulator";
				SUPPORTS_MACCATALYST = NO;
				SUPPORTS_MAC_DESIGNED_FOR_IPHONE_IPAD = NO;
				SWIFT_EMIT_LOC_STRINGS = YES;
				SWIFT_VERSION = 5.0;
				TARGETED_DEVICE_FAMILY = 1;
			};
			name = Debug;
		};
		3005D4E329116E0200BAAB71 /* Release */ = {
			isa = XCBuildConfiguration;
			buildSettings = {
				ASSETCATALOG_COMPILER_APPICON_NAME = AppIcon;
				ASSETCATALOG_COMPILER_GLOBAL_ACCENT_COLOR_NAME = AccentColor;
				CODE_SIGN_STYLE = Automatic;
				CURRENT_PROJECT_VERSION = 1;
				DEVELOPMENT_TEAM = 6L7N87WCCB;
				GENERATE_INFOPLIST_FILE = YES;
				INFOPLIST_FILE = AnimationHW/App/Info.plist;
				INFOPLIST_KEY_UIApplicationSupportsIndirectInputEvents = YES;
				INFOPLIST_KEY_UILaunchStoryboardName = LaunchScreen;
				INFOPLIST_KEY_UIMainStoryboardFile = Main;
				INFOPLIST_KEY_UISupportedInterfaceOrientations = UIInterfaceOrientationPortrait;
				INFOPLIST_KEY_UISupportedInterfaceOrientations_iPad = "UIInterfaceOrientationLandscapeLeft UIInterfaceOrientationLandscapeRight UIInterfaceOrientationPortrait UIInterfaceOrientationPortraitUpsideDown";
				IPHONEOS_DEPLOYMENT_TARGET = 15.4;
				LD_RUNPATH_SEARCH_PATHS = (
					"$(inherited)",
					"@executable_path/Frameworks",
				);
				MARKETING_VERSION = 1.0;
				PRODUCT_BUNDLE_IDENTIFIER = RGcom.AnimationHW;
				PRODUCT_NAME = "$(TARGET_NAME)";
				SUPPORTED_PLATFORMS = "iphoneos iphonesimulator";
				SUPPORTS_MACCATALYST = NO;
				SUPPORTS_MAC_DESIGNED_FOR_IPHONE_IPAD = NO;
				SWIFT_EMIT_LOC_STRINGS = YES;
				SWIFT_VERSION = 5.0;
				TARGETED_DEVICE_FAMILY = 1;
			};
			name = Release;
		};
/* End XCBuildConfiguration section */

/* Begin XCConfigurationList section */
		3005D4C829116DFF00BAAB71 /* Build configuration list for PBXProject "AnimationHW" */ = {
			isa = XCConfigurationList;
			buildConfigurations = (
				3005D4DF29116E0200BAAB71 /* Debug */,
				3005D4E029116E0200BAAB71 /* Release */,
			);
			defaultConfigurationIsVisible = 0;
			defaultConfigurationName = Release;
		};
		3005D4E129116E0200BAAB71 /* Build configuration list for PBXNativeTarget "AnimationHW" */ = {
			isa = XCConfigurationList;
			buildConfigurations = (
				3005D4E229116E0200BAAB71 /* Debug */,
				3005D4E329116E0200BAAB71 /* Release */,
			);
			defaultConfigurationIsVisible = 0;
			defaultConfigurationName = Release;
		};
/* End XCConfigurationList section */

/* Begin XCRemoteSwiftPackageReference section */
		3039D28C2912FD440057B6A2 /* XCRemoteSwiftPackageReference "SpringAnimation" */ = {
			isa = XCRemoteSwiftPackageReference;
			repositoryURL = "https://github.com/LexDeBash/SpringAnimation.git";
			requirement = {
				kind = upToNextMinorVersion;
				minimumVersion = 0.3.0;
			};
		};
/* End XCRemoteSwiftPackageReference section */

/* Begin XCSwiftPackageProductDependency section */
		3039D28D2912FD440057B6A2 /* SpringAnimation */ = {
			isa = XCSwiftPackageProductDependency;
			package = 3039D28C2912FD440057B6A2 /* XCRemoteSwiftPackageReference "SpringAnimation" */;
			productName = SpringAnimation;
		};
/* End XCSwiftPackageProductDependency section */
	};
	rootObject = 3005D4C529116DFF00BAAB71 /* Project object */;
}
